// !$*UTF8*$!
{
	archiveVersion = 1;
	classes = {
	};
	objectVersion = 50;
	objects = {

/* Begin PBXBuildFile section */
		4691487E225DE44D0019F454 /* AppDelegate.swift in Sources */ = {isa = PBXBuildFile; fileRef = 4691487D225DE44D0019F454 /* AppDelegate.swift */; };
		46914880225DE44D0019F454 /* ViewController.swift in Sources */ = {isa = PBXBuildFile; fileRef = 4691487F225DE44D0019F454 /* ViewController.swift */; };
		46914883225DE44D0019F454 /* Main.storyboard in Resources */ = {isa = PBXBuildFile; fileRef = 46914881225DE44D0019F454 /* Main.storyboard */; };
		46914885225DE44F0019F454 /* Assets.xcassets in Resources */ = {isa = PBXBuildFile; fileRef = 46914884225DE44F0019F454 /* Assets.xcassets */; };
		46914888225DE44F0019F454 /* LaunchScreen.storyboard in Resources */ = {isa = PBXBuildFile; fileRef = 46914886225DE44F0019F454 /* LaunchScreen.storyboard */; };
		46914893225DE44F0019F454 /* TestingQuickTests.swift in Sources */ = {isa = PBXBuildFile; fileRef = 46914892225DE44F0019F454 /* TestingQuickTests.swift */; };
		469148AC225DE4D70019F454 /* MyStruct.swift in Sources */ = {isa = PBXBuildFile; fileRef = 469148AB225DE4D70019F454 /* MyStruct.swift */; };
		469148AD225DE78B0019F454 /* MyStruct.swift in Sources */ = {isa = PBXBuildFile; fileRef = 469148AB225DE4D70019F454 /* MyStruct.swift */; };
		469148AF225DE8020019F454 /* AnotherUITest.swift in Sources */ = {isa = PBXBuildFile; fileRef = 469148AE225DE8020019F454 /* AnotherUITest.swift */; };
		6F53342EB428224380AB320B /* Pods_TestingQuick.framework in Frameworks */ = {isa = PBXBuildFile; fileRef = 5127000688E7FE332F6178C4 /* Pods_TestingQuick.framework */; };
		B87D8D724B7AC3C4939B5380 /* Pods_TestingQuickUITests.framework in Frameworks */ = {isa = PBXBuildFile; fileRef = 13E6CE5A7ACF3385C05AE781 /* Pods_TestingQuickUITests.framework */; };
		FAED31938DD2BED75B929974 /* Pods_TestingQuickTests.framework in Frameworks */ = {isa = PBXBuildFile; fileRef = 13CDF7C7C893155223CB13B8 /* Pods_TestingQuickTests.framework */; };
/* End PBXBuildFile section */

/* Begin PBXContainerItemProxy section */
		4691488F225DE44F0019F454 /* PBXContainerItemProxy */ = {
			isa = PBXContainerItemProxy;
			containerPortal = 46914872225DE44D0019F454 /* Project object */;
			proxyType = 1;
			remoteGlobalIDString = 46914879225DE44D0019F454;
			remoteInfo = TestingQuick;
		};
		4691489A225DE44F0019F454 /* PBXContainerItemProxy */ = {
			isa = PBXContainerItemProxy;
			containerPortal = 46914872225DE44D0019F454 /* Project object */;
			proxyType = 1;
			remoteGlobalIDString = 46914879225DE44D0019F454;
			remoteInfo = TestingQuick;
		};
/* End PBXContainerItemProxy section */

/* Begin PBXFileReference section */
		13CDF7C7C893155223CB13B8 /* Pods_TestingQuickTests.framework */ = {isa = PBXFileReference; explicitFileType = wrapper.framework; includeInIndex = 0; path = Pods_TestingQuickTests.framework; sourceTree = BUILT_PRODUCTS_DIR; };
		13E6CE5A7ACF3385C05AE781 /* Pods_TestingQuickUITests.framework */ = {isa = PBXFileReference; explicitFileType = wrapper.framework; includeInIndex = 0; path = Pods_TestingQuickUITests.framework; sourceTree = BUILT_PRODUCTS_DIR; };
		3E84AC37B471453E9B1C8FB5 /* Pods-TestingQuickUITests.release.xcconfig */ = {isa = PBXFileReference; includeInIndex = 1; lastKnownFileType = text.xcconfig; name = "Pods-TestingQuickUITests.release.xcconfig"; path = "Target Support Files/Pods-TestingQuickUITests/Pods-TestingQuickUITests.release.xcconfig"; sourceTree = "<group>"; };
		4691487A225DE44D0019F454 /* TestingQuick.app */ = {isa = PBXFileReference; explicitFileType = wrapper.application; includeInIndex = 0; path = TestingQuick.app; sourceTree = BUILT_PRODUCTS_DIR; };
		4691487D225DE44D0019F454 /* AppDelegate.swift */ = {isa = PBXFileReference; lastKnownFileType = sourcecode.swift; path = AppDelegate.swift; sourceTree = "<group>"; };
		4691487F225DE44D0019F454 /* ViewController.swift */ = {isa = PBXFileReference; lastKnownFileType = sourcecode.swift; path = ViewController.swift; sourceTree = "<group>"; };
		46914882225DE44D0019F454 /* Base */ = {isa = PBXFileReference; lastKnownFileType = file.storyboard; name = Base; path = Base.lproj/Main.storyboard; sourceTree = "<group>"; };
		46914884225DE44F0019F454 /* Assets.xcassets */ = {isa = PBXFileReference; lastKnownFileType = folder.assetcatalog; path = Assets.xcassets; sourceTree = "<group>"; };
		46914887225DE44F0019F454 /* Base */ = {isa = PBXFileReference; lastKnownFileType = file.storyboard; name = Base; path = Base.lproj/LaunchScreen.storyboard; sourceTree = "<group>"; };
		46914889225DE44F0019F454 /* Info.plist */ = {isa = PBXFileReference; lastKnownFileType = text.plist.xml; path = Info.plist; sourceTree = "<group>"; };
		4691488E225DE44F0019F454 /* TestingQuickTests.xctest */ = {isa = PBXFileReference; explicitFileType = wrapper.cfbundle; includeInIndex = 0; path = TestingQuickTests.xctest; sourceTree = BUILT_PRODUCTS_DIR; };
		46914892225DE44F0019F454 /* TestingQuickTests.swift */ = {isa = PBXFileReference; lastKnownFileType = sourcecode.swift; path = TestingQuickTests.swift; sourceTree = "<group>"; };
		46914894225DE44F0019F454 /* Info.plist */ = {isa = PBXFileReference; lastKnownFileType = text.plist.xml; path = Info.plist; sourceTree = "<group>"; };
		46914899225DE44F0019F454 /* TestingQuickUITests.xctest */ = {isa = PBXFileReference; explicitFileType = wrapper.cfbundle; includeInIndex = 0; path = TestingQuickUITests.xctest; sourceTree = BUILT_PRODUCTS_DIR; };
		4691489F225DE44F0019F454 /* Info.plist */ = {isa = PBXFileReference; lastKnownFileType = text.plist.xml; path = Info.plist; sourceTree = "<group>"; };
		469148AB225DE4D70019F454 /* MyStruct.swift */ = {isa = PBXFileReference; lastKnownFileType = sourcecode.swift; path = MyStruct.swift; sourceTree = "<group>"; };
		469148AE225DE8020019F454 /* AnotherUITest.swift */ = {isa = PBXFileReference; lastKnownFileType = sourcecode.swift; path = AnotherUITest.swift; sourceTree = "<group>"; };
		5127000688E7FE332F6178C4 /* Pods_TestingQuick.framework */ = {isa = PBXFileReference; explicitFileType = wrapper.framework; includeInIndex = 0; path = Pods_TestingQuick.framework; sourceTree = BUILT_PRODUCTS_DIR; };
		71A8A44C0EE954941155398E /* Pods-TestingQuickUITests.debug.xcconfig */ = {isa = PBXFileReference; includeInIndex = 1; lastKnownFileType = text.xcconfig; name = "Pods-TestingQuickUITests.debug.xcconfig"; path = "Target Support Files/Pods-TestingQuickUITests/Pods-TestingQuickUITests.debug.xcconfig"; sourceTree = "<group>"; };
		8D43D104B727E9FE8CADDF87 /* Pods-TestingQuick.release.xcconfig */ = {isa = PBXFileReference; includeInIndex = 1; lastKnownFileType = text.xcconfig; name = "Pods-TestingQuick.release.xcconfig"; path = "Target Support Files/Pods-TestingQuick/Pods-TestingQuick.release.xcconfig"; sourceTree = "<group>"; };
		B79EBB34C766268DC12C3B3E /* Pods-TestingQuickTests.release.xcconfig */ = {isa = PBXFileReference; includeInIndex = 1; lastKnownFileType = text.xcconfig; name = "Pods-TestingQuickTests.release.xcconfig"; path = "Target Support Files/Pods-TestingQuickTests/Pods-TestingQuickTests.release.xcconfig"; sourceTree = "<group>"; };
		BCAD2AAEA66E1014148EA3C5 /* Pods-TestingQuick.debug.xcconfig */ = {isa = PBXFileReference; includeInIndex = 1; lastKnownFileType = text.xcconfig; name = "Pods-TestingQuick.debug.xcconfig"; path = "Target Support Files/Pods-TestingQuick/Pods-TestingQuick.debug.xcconfig"; sourceTree = "<group>"; };
		C8EC99625E6CC2CB08689301 /* Pods-TestingQuickTests.debug.xcconfig */ = {isa = PBXFileReference; includeInIndex = 1; lastKnownFileType = text.xcconfig; name = "Pods-TestingQuickTests.debug.xcconfig"; path = "Target Support Files/Pods-TestingQuickTests/Pods-TestingQuickTests.debug.xcconfig"; sourceTree = "<group>"; };
/* End PBXFileReference section */

/* Begin PBXFrameworksBuildPhase section */
		46914877225DE44D0019F454 /* Frameworks */ = {
			isa = PBXFrameworksBuildPhase;
			buildActionMask = 2147483647;
			files = (
				6F53342EB428224380AB320B /* Pods_TestingQuick.framework in Frameworks */,
			);
			runOnlyForDeploymentPostprocessing = 0;
		};
		4691488B225DE44F0019F454 /* Frameworks */ = {
			isa = PBXFrameworksBuildPhase;
			buildActionMask = 2147483647;
			files = (
				FAED31938DD2BED75B929974 /* Pods_TestingQuickTests.framework in Frameworks */,
			);
			runOnlyForDeploymentPostprocessing = 0;
		};
		46914896225DE44F0019F454 /* Frameworks */ = {
			isa = PBXFrameworksBuildPhase;
			buildActionMask = 2147483647;
			files = (
				B87D8D724B7AC3C4939B5380 /* Pods_TestingQuickUITests.framework in Frameworks */,
			);
			runOnlyForDeploymentPostprocessing = 0;
		};
/* End PBXFrameworksBuildPhase section */

/* Begin PBXGroup section */
		013539516E772B3BC986631F /* Frameworks */ = {
			isa = PBXGroup;
			children = (
				5127000688E7FE332F6178C4 /* Pods_TestingQuick.framework */,
				13CDF7C7C893155223CB13B8 /* Pods_TestingQuickTests.framework */,
				13E6CE5A7ACF3385C05AE781 /* Pods_TestingQuickUITests.framework */,
			);
			name = Frameworks;
			sourceTree = "<group>";
		};
		46914871225DE44D0019F454 = {
			isa = PBXGroup;
			children = (
				4691487C225DE44D0019F454 /* TestingQuick */,
				46914891225DE44F0019F454 /* TestingQuickTests */,
				4691489C225DE44F0019F454 /* TestingQuickUITests */,
				4691487B225DE44D0019F454 /* Products */,
				9CF0C28A2818BE20158FA92B /* Pods */,
				013539516E772B3BC986631F /* Frameworks */,
			);
			sourceTree = "<group>";
		};
		4691487B225DE44D0019F454 /* Products */ = {
			isa = PBXGroup;
			children = (
				4691487A225DE44D0019F454 /* TestingQuick.app */,
				4691488E225DE44F0019F454 /* TestingQuickTests.xctest */,
				46914899225DE44F0019F454 /* TestingQuickUITests.xctest */,
			);
			name = Products;
			sourceTree = "<group>";
		};
		4691487C225DE44D0019F454 /* TestingQuick */ = {
			isa = PBXGroup;
			children = (
				4691487D225DE44D0019F454 /* AppDelegate.swift */,
				4691487F225DE44D0019F454 /* ViewController.swift */,
				46914881225DE44D0019F454 /* Main.storyboard */,
				46914884225DE44F0019F454 /* Assets.xcassets */,
				46914886225DE44F0019F454 /* LaunchScreen.storyboard */,
				46914889225DE44F0019F454 /* Info.plist */,
				469148AB225DE4D70019F454 /* MyStruct.swift */,
			);
			path = TestingQuick;
			sourceTree = "<group>";
		};
		46914891225DE44F0019F454 /* TestingQuickTests */ = {
			isa = PBXGroup;
			children = (
				46914892225DE44F0019F454 /* TestingQuickTests.swift */,
				46914894225DE44F0019F454 /* Info.plist */,
			);
			path = TestingQuickTests;
			sourceTree = "<group>";
		};
		4691489C225DE44F0019F454 /* TestingQuickUITests */ = {
			isa = PBXGroup;
			children = (
				4691489F225DE44F0019F454 /* Info.plist */,
				469148AE225DE8020019F454 /* AnotherUITest.swift */,
			);
			path = TestingQuickUITests;
			sourceTree = "<group>";
		};
		9CF0C28A2818BE20158FA92B /* Pods */ = {
			isa = PBXGroup;
			children = (
				BCAD2AAEA66E1014148EA3C5 /* Pods-TestingQuick.debug.xcconfig */,
				8D43D104B727E9FE8CADDF87 /* Pods-TestingQuick.release.xcconfig */,
				C8EC99625E6CC2CB08689301 /* Pods-TestingQuickTests.debug.xcconfig */,
				B79EBB34C766268DC12C3B3E /* Pods-TestingQuickTests.release.xcconfig */,
				71A8A44C0EE954941155398E /* Pods-TestingQuickUITests.debug.xcconfig */,
				3E84AC37B471453E9B1C8FB5 /* Pods-TestingQuickUITests.release.xcconfig */,
			);
			path = Pods;
			sourceTree = "<group>";
		};
/* End PBXGroup section */

/* Begin PBXNativeTarget section */
		46914879225DE44D0019F454 /* TestingQuick */ = {
			isa = PBXNativeTarget;
			buildConfigurationList = 469148A2225DE44F0019F454 /* Build configuration list for PBXNativeTarget "TestingQuick" */;
			buildPhases = (
				D31971ADEA22620F5A4E0B73 /* [CP] Check Pods Manifest.lock */,
				46914876225DE44D0019F454 /* Sources */,
				46914877225DE44D0019F454 /* Frameworks */,
				46914878225DE44D0019F454 /* Resources */,
			);
			buildRules = (
			);
			dependencies = (
			);
			name = TestingQuick;
			productName = TestingQuick;
			productReference = 4691487A225DE44D0019F454 /* TestingQuick.app */;
			productType = "com.apple.product-type.application";
		};
		4691488D225DE44F0019F454 /* TestingQuickTests */ = {
			isa = PBXNativeTarget;
			buildConfigurationList = 469148A5225DE44F0019F454 /* Build configuration list for PBXNativeTarget "TestingQuickTests" */;
			buildPhases = (
				55E8EA61958A1D69F523441C /* [CP] Check Pods Manifest.lock */,
				4691488A225DE44F0019F454 /* Sources */,
				4691488B225DE44F0019F454 /* Frameworks */,
				4691488C225DE44F0019F454 /* Resources */,
			);
			buildRules = (
			);
			dependencies = (
				46914890225DE44F0019F454 /* PBXTargetDependency */,
			);
			name = TestingQuickTests;
			productName = TestingQuickTests;
			productReference = 4691488E225DE44F0019F454 /* TestingQuickTests.xctest */;
			productType = "com.apple.product-type.bundle.unit-test";
		};
		46914898225DE44F0019F454 /* TestingQuickUITests */ = {
			isa = PBXNativeTarget;
			buildConfigurationList = 469148A8225DE44F0019F454 /* Build configuration list for PBXNativeTarget "TestingQuickUITests" */;
			buildPhases = (
				7B501290272AFF50F94FE91F /* [CP] Check Pods Manifest.lock */,
				46914895225DE44F0019F454 /* Sources */,
				46914896225DE44F0019F454 /* Frameworks */,
				46914897225DE44F0019F454 /* Resources */,
				7CD78986FC552AE6B2850480 /* [CP] Embed Pods Frameworks */,
			);
			buildRules = (
			);
			dependencies = (
				4691489B225DE44F0019F454 /* PBXTargetDependency */,
			);
			name = TestingQuickUITests;
			productName = TestingQuickUITests;
			productReference = 46914899225DE44F0019F454 /* TestingQuickUITests.xctest */;
			productType = "com.apple.product-type.bundle.ui-testing";
		};
/* End PBXNativeTarget section */

/* Begin PBXProject section */
		46914872225DE44D0019F454 /* Project object */ = {
			isa = PBXProject;
			attributes = {
				LastSwiftUpdateCheck = 1020;
				LastUpgradeCheck = 1020;
				ORGANIZATIONNAME = "Guillermo Zafra";
				TargetAttributes = {
					46914879225DE44D0019F454 = {
						CreatedOnToolsVersion = 10.2;
					};
					4691488D225DE44F0019F454 = {
						CreatedOnToolsVersion = 10.2;
						TestTargetID = 46914879225DE44D0019F454;
					};
					46914898225DE44F0019F454 = {
						CreatedOnToolsVersion = 10.2;
						TestTargetID = 46914879225DE44D0019F454;
					};
				};
			};
			buildConfigurationList = 46914875225DE44D0019F454 /* Build configuration list for PBXProject "TestingQuick" */;
			compatibilityVersion = "Xcode 9.3";
			developmentRegion = en;
			hasScannedForEncodings = 0;
			knownRegions = (
				en,
				Base,
			);
			mainGroup = 46914871225DE44D0019F454;
			productRefGroup = 4691487B225DE44D0019F454 /* Products */;
			projectDirPath = "";
			projectRoot = "";
			targets = (
				46914879225DE44D0019F454 /* TestingQuick */,
				4691488D225DE44F0019F454 /* TestingQuickTests */,
				46914898225DE44F0019F454 /* TestingQuickUITests */,
			);
		};
/* End PBXProject section */

/* Begin PBXResourcesBuildPhase section */
		46914878225DE44D0019F454 /* Resources */ = {
			isa = PBXResourcesBuildPhase;
			buildActionMask = 2147483647;
			files = (
				46914888225DE44F0019F454 /* LaunchScreen.storyboard in Resources */,
				46914885225DE44F0019F454 /* Assets.xcassets in Resources */,
				46914883225DE44D0019F454 /* Main.storyboard in Resources */,
			);
			runOnlyForDeploymentPostprocessing = 0;
		};
		4691488C225DE44F0019F454 /* Resources */ = {
			isa = PBXResourcesBuildPhase;
			buildActionMask = 2147483647;
			files = (
			);
			runOnlyForDeploymentPostprocessing = 0;
		};
		46914897225DE44F0019F454 /* Resources */ = {
			isa = PBXResourcesBuildPhase;
			buildActionMask = 2147483647;
			files = (
			);
			runOnlyForDeploymentPostprocessing = 0;
		};
/* End PBXResourcesBuildPhase section */

/* Begin PBXShellScriptBuildPhase section */
		55E8EA61958A1D69F523441C /* [CP] Check Pods Manifest.lock */ = {
			isa = PBXShellScriptBuildPhase;
			buildActionMask = 2147483647;
			files = (
			);
			inputFileListPaths = (
			);
			inputPaths = (
				"${PODS_PODFILE_DIR_PATH}/Podfile.lock",
				"${PODS_ROOT}/Manifest.lock",
			);
			name = "[CP] Check Pods Manifest.lock";
			outputFileListPaths = (
			);
			outputPaths = (
				"$(DERIVED_FILE_DIR)/Pods-TestingQuickTests-checkManifestLockResult.txt",
			);
			runOnlyForDeploymentPostprocessing = 0;
			shellPath = /bin/sh;
			shellScript = "diff \"${PODS_PODFILE_DIR_PATH}/Podfile.lock\" \"${PODS_ROOT}/Manifest.lock\" > /dev/null\nif [ $? != 0 ] ; then\n    # print error to STDERR\n    echo \"error: The sandbox is not in sync with the Podfile.lock. Run 'pod install' or update your CocoaPods installation.\" >&2\n    exit 1\nfi\n# This output is used by Xcode 'outputs' to avoid re-running this script phase.\necho \"SUCCESS\" > \"${SCRIPT_OUTPUT_FILE_0}\"\n";
			showEnvVarsInLog = 0;
		};
		7B501290272AFF50F94FE91F /* [CP] Check Pods Manifest.lock */ = {
			isa = PBXShellScriptBuildPhase;
			buildActionMask = 2147483647;
			files = (
			);
			inputFileListPaths = (
			);
			inputPaths = (
				"${PODS_PODFILE_DIR_PATH}/Podfile.lock",
				"${PODS_ROOT}/Manifest.lock",
			);
			name = "[CP] Check Pods Manifest.lock";
			outputFileListPaths = (
			);
			outputPaths = (
				"$(DERIVED_FILE_DIR)/Pods-TestingQuickUITests-checkManifestLockResult.txt",
			);
			runOnlyForDeploymentPostprocessing = 0;
			shellPath = /bin/sh;
			shellScript = "diff \"${PODS_PODFILE_DIR_PATH}/Podfile.lock\" \"${PODS_ROOT}/Manifest.lock\" > /dev/null\nif [ $? != 0 ] ; then\n    # print error to STDERR\n    echo \"error: The sandbox is not in sync with the Podfile.lock. Run 'pod install' or update your CocoaPods installation.\" >&2\n    exit 1\nfi\n# This output is used by Xcode 'outputs' to avoid re-running this script phase.\necho \"SUCCESS\" > \"${SCRIPT_OUTPUT_FILE_0}\"\n";
			showEnvVarsInLog = 0;
		};
		7CD78986FC552AE6B2850480 /* [CP] Embed Pods Frameworks */ = {
			isa = PBXShellScriptBuildPhase;
			buildActionMask = 2147483647;
			files = (
			);
			inputFileListPaths = (
			);
			inputPaths = (
				"${PODS_ROOT}/Target Support Files/Pods-TestingQuickUITests/Pods-TestingQuickUITests-frameworks.sh",
				"${BUILT_PRODUCTS_DIR}/Nimble/Nimble.framework",
				"${BUILT_PRODUCTS_DIR}/Quick/Quick.framework",
			);
			name = "[CP] Embed Pods Frameworks";
			outputFileListPaths = (
			);
			outputPaths = (
				"${TARGET_BUILD_DIR}/${FRAMEWORKS_FOLDER_PATH}/Nimble.framework",
				"${TARGET_BUILD_DIR}/${FRAMEWORKS_FOLDER_PATH}/Quick.framework",
			);
			runOnlyForDeploymentPostprocessing = 0;
			shellPath = /bin/sh;
			shellScript = "\"${PODS_ROOT}/Target Support Files/Pods-TestingQuickUITests/Pods-TestingQuickUITests-frameworks.sh\"\n";
			showEnvVarsInLog = 0;
		};
		D31971ADEA22620F5A4E0B73 /* [CP] Check Pods Manifest.lock */ = {
			isa = PBXShellScriptBuildPhase;
			buildActionMask = 2147483647;
			files = (
			);
			inputFileListPaths = (
			);
			inputPaths = (
				"${PODS_PODFILE_DIR_PATH}/Podfile.lock",
				"${PODS_ROOT}/Manifest.lock",
			);
			name = "[CP] Check Pods Manifest.lock";
			outputFileListPaths = (
			);
			outputPaths = (
				"$(DERIVED_FILE_DIR)/Pods-TestingQuick-checkManifestLockResult.txt",
			);
			runOnlyForDeploymentPostprocessing = 0;
			shellPath = /bin/sh;
			shellScript = "diff \"${PODS_PODFILE_DIR_PATH}/Podfile.lock\" \"${PODS_ROOT}/Manifest.lock\" > /dev/null\nif [ $? != 0 ] ; then\n    # print error to STDERR\n    echo \"error: The sandbox is not in sync with the Podfile.lock. Run 'pod install' or update your CocoaPods installation.\" >&2\n    exit 1\nfi\n# This output is used by Xcode 'outputs' to avoid re-running this script phase.\necho \"SUCCESS\" > \"${SCRIPT_OUTPUT_FILE_0}\"\n";
			showEnvVarsInLog = 0;
		};
/* End PBXShellScriptBuildPhase section */

/* Begin PBXSourcesBuildPhase section */
		46914876225DE44D0019F454 /* Sources */ = {
			isa = PBXSourcesBuildPhase;
			buildActionMask = 2147483647;
			files = (
				46914880225DE44D0019F454 /* ViewController.swift in Sources */,
				469148AC225DE4D70019F454 /* MyStruct.swift in Sources */,
				4691487E225DE44D0019F454 /* AppDelegate.swift in Sources */,
			);
			runOnlyForDeploymentPostprocessing = 0;
		};
		4691488A225DE44F0019F454 /* Sources */ = {
			isa = PBXSourcesBuildPhase;
			buildActionMask = 2147483647;
			files = (
				46914893225DE44F0019F454 /* TestingQuickTests.swift in Sources */,
			);
			runOnlyForDeploymentPostprocessing = 0;
		};
		46914895225DE44F0019F454 /* Sources */ = {
			isa = PBXSourcesBuildPhase;
			buildActionMask = 2147483647;
			files = (
				469148AF225DE8020019F454 /* AnotherUITest.swift in Sources */,
				469148AD225DE78B0019F454 /* MyStruct.swift in Sources */,
			);
			runOnlyForDeploymentPostprocessing = 0;
		};
/* End PBXSourcesBuildPhase section */

/* Begin PBXTargetDependency section */
		46914890225DE44F0019F454 /* PBXTargetDependency */ = {
			isa = PBXTargetDependency;
			target = 46914879225DE44D0019F454 /* TestingQuick */;
			targetProxy = 4691488F225DE44F0019F454 /* PBXContainerItemProxy */;
		};
		4691489B225DE44F0019F454 /* PBXTargetDependency */ = {
			isa = PBXTargetDependency;
			target = 46914879225DE44D0019F454 /* TestingQuick */;
			targetProxy = 4691489A225DE44F0019F454 /* PBXContainerItemProxy */;
		};
/* End PBXTargetDependency section */

/* Begin PBXVariantGroup section */
		46914881225DE44D0019F454 /* Main.storyboard */ = {
			isa = PBXVariantGroup;
			children = (
				46914882225DE44D0019F454 /* Base */,
			);
			name = Main.storyboard;
			sourceTree = "<group>";
		};
		46914886225DE44F0019F454 /* LaunchScreen.storyboard */ = {
			isa = PBXVariantGroup;
			children = (
				46914887225DE44F0019F454 /* Base */,
			);
			name = LaunchScreen.storyboard;
			sourceTree = "<group>";
		};
/* End PBXVariantGroup section */

/* Begin XCBuildConfiguration section */
		469148A0225DE44F0019F454 /* Debug */ = {
			isa = XCBuildConfiguration;
			buildSettings = {
				ALWAYS_SEARCH_USER_PATHS = NO;
				CLANG_ANALYZER_NONNULL = YES;
				CLANG_ANALYZER_NUMBER_OBJECT_CONVERSION = YES_AGGRESSIVE;
				CLANG_CXX_LANGUAGE_STANDARD = "gnu++14";
				CLANG_CXX_LIBRARY = "libc++";
				CLANG_ENABLE_MODULES = YES;
				CLANG_ENABLE_OBJC_ARC = YES;
				CLANG_ENABLE_OBJC_WEAK = YES;
				CLANG_WARN_BLOCK_CAPTURE_AUTORELEASING = YES;
				CLANG_WARN_BOOL_CONVERSION = YES;
				CLANG_WARN_COMMA = YES;
				CLANG_WARN_CONSTANT_CONVERSION = YES;
				CLANG_WARN_DEPRECATED_OBJC_IMPLEMENTATIONS = YES;
				CLANG_WARN_DIRECT_OBJC_ISA_USAGE = YES_ERROR;
				CLANG_WARN_DOCUMENTATION_COMMENTS = YES;
				CLANG_WARN_EMPTY_BODY = YES;
				CLANG_WARN_ENUM_CONVERSION = YES;
				CLANG_WARN_INFINITE_RECURSION = YES;
				CLANG_WARN_INT_CONVERSION = YES;
				CLANG_WARN_NON_LITERAL_NULL_CONVERSION = YES;
				CLANG_WARN_OBJC_IMPLICIT_RETAIN_SELF = YES;
				CLANG_WARN_OBJC_LITERAL_CONVERSION = YES;
				CLANG_WARN_OBJC_ROOT_CLASS = YES_ERROR;
				CLANG_WARN_RANGE_LOOP_ANALYSIS = YES;
				CLANG_WARN_STRICT_PROTOTYPES = YES;
				CLANG_WARN_SUSPICIOUS_MOVE = YES;
				CLANG_WARN_UNGUARDED_AVAILABILITY = YES_AGGRESSIVE;
				CLANG_WARN_UNREACHABLE_CODE = YES;
				CLANG_WARN__DUPLICATE_METHOD_MATCH = YES;
				CODE_SIGN_IDENTITY = "iPhone Developer";
				COPY_PHASE_STRIP = NO;
				DEBUG_INFORMATION_FORMAT = dwarf;
				ENABLE_STRICT_OBJC_MSGSEND = YES;
				ENABLE_TESTABILITY = YES;
				GCC_C_LANGUAGE_STANDARD = gnu11;
				GCC_DYNAMIC_NO_PIC = NO;
				GCC_NO_COMMON_BLOCKS = YES;
				GCC_OPTIMIZATION_LEVEL = 0;
				GCC_PREPROCESSOR_DEFINITIONS = (
					"DEBUG=1",
					"$(inherited)",
				);
				GCC_WARN_64_TO_32_BIT_CONVERSION = YES;
				GCC_WARN_ABOUT_RETURN_TYPE = YES_ERROR;
				GCC_WARN_UNDECLARED_SELECTOR = YES;
				GCC_WARN_UNINITIALIZED_AUTOS = YES_AGGRESSIVE;
				GCC_WARN_UNUSED_FUNCTION = YES;
				GCC_WARN_UNUSED_VARIABLE = YES;
				IPHONEOS_DEPLOYMENT_TARGET = 12.2;
				MTL_ENABLE_DEBUG_INFO = INCLUDE_SOURCE;
				MTL_FAST_MATH = YES;
				ONLY_ACTIVE_ARCH = YES;
				SDKROOT = iphoneos;
				SWIFT_ACTIVE_COMPILATION_CONDITIONS = DEBUG;
				SWIFT_OPTIMIZATION_LEVEL = "-Onone";
			};
			name = Debug;
		};
		469148A1225DE44F0019F454 /* Release */ = {
			isa = XCBuildConfiguration;
			buildSettings = {
				ALWAYS_SEARCH_USER_PATHS = NO;
				CLANG_ANALYZER_NONNULL = YES;
				CLANG_ANALYZER_NUMBER_OBJECT_CONVERSION = YES_AGGRESSIVE;
				CLANG_CXX_LANGUAGE_STANDARD = "gnu++14";
				CLANG_CXX_LIBRARY = "libc++";
				CLANG_ENABLE_MODULES = YES;
				CLANG_ENABLE_OBJC_ARC = YES;
				CLANG_ENABLE_OBJC_WEAK = YES;
				CLANG_WARN_BLOCK_CAPTURE_AUTORELEASING = YES;
				CLANG_WARN_BOOL_CONVERSION = YES;
				CLANG_WARN_COMMA = YES;
				CLANG_WARN_CONSTANT_CONVERSION = YES;
				CLANG_WARN_DEPRECATED_OBJC_IMPLEMENTATIONS = YES;
				CLANG_WARN_DIRECT_OBJC_ISA_USAGE = YES_ERROR;
				CLANG_WARN_DOCUMENTATION_COMMENTS = YES;
				CLANG_WARN_EMPTY_BODY = YES;
				CLANG_WARN_ENUM_CONVERSION = YES;
				CLANG_WARN_INFINITE_RECURSION = YES;
				CLANG_WARN_INT_CONVERSION = YES;
				CLANG_WARN_NON_LITERAL_NULL_CONVERSION = YES;
				CLANG_WARN_OBJC_IMPLICIT_RETAIN_SELF = YES;
				CLANG_WARN_OBJC_LITERAL_CONVERSION = YES;
				CLANG_WARN_OBJC_ROOT_CLASS = YES_ERROR;
				CLANG_WARN_RANGE_LOOP_ANALYSIS = YES;
				CLANG_WARN_STRICT_PROTOTYPES = YES;
				CLANG_WARN_SUSPICIOUS_MOVE = YES;
				CLANG_WARN_UNGUARDED_AVAILABILITY = YES_AGGRESSIVE;
				CLANG_WARN_UNREACHABLE_CODE = YES;
				CLANG_WARN__DUPLICATE_METHOD_MATCH = YES;
				CODE_SIGN_IDENTITY = "iPhone Developer";
				COPY_PHASE_STRIP = NO;
				DEBUG_INFORMATION_FORMAT = "dwarf-with-dsym";
				ENABLE_NS_ASSERTIONS = NO;
				ENABLE_STRICT_OBJC_MSGSEND = YES;
				GCC_C_LANGUAGE_STANDARD = gnu11;
				GCC_NO_COMMON_BLOCKS = YES;
				GCC_WARN_64_TO_32_BIT_CONVERSION = YES;
				GCC_WARN_ABOUT_RETURN_TYPE = YES_ERROR;
				GCC_WARN_UNDECLARED_SELECTOR = YES;
				GCC_WARN_UNINITIALIZED_AUTOS = YES_AGGRESSIVE;
				GCC_WARN_UNUSED_FUNCTION = YES;
				GCC_WARN_UNUSED_VARIABLE = YES;
				IPHONEOS_DEPLOYMENT_TARGET = 12.2;
				MTL_ENABLE_DEBUG_INFO = NO;
				MTL_FAST_MATH = YES;
				SDKROOT = iphoneos;
				SWIFT_COMPILATION_MODE = wholemodule;
				SWIFT_OPTIMIZATION_LEVEL = "-O";
				VALIDATE_PRODUCT = YES;
			};
			name = Release;
		};
		469148A3225DE44F0019F454 /* Debug */ = {
			isa = XCBuildConfiguration;
			baseConfigurationReference = BCAD2AAEA66E1014148EA3C5 /* Pods-TestingQuick.debug.xcconfig */;
			buildSettings = {
				ASSETCATALOG_COMPILER_APPICON_NAME = AppIcon;
				CODE_SIGN_STYLE = Automatic;
				INFOPLIST_FILE = TestingQuick/Info.plist;
				LD_RUNPATH_SEARCH_PATHS = (
					"$(inherited)",
					"@executable_path/Frameworks",
				);
				PRODUCT_BUNDLE_IDENTIFIER = test.TestingQuick;
				PRODUCT_NAME = "$(TARGET_NAME)";
				SWIFT_VERSION = 5.0;
				TARGETED_DEVICE_FAMILY = "1,2";
			};
			name = Debug;
		};
		469148A4225DE44F0019F454 /* Release */ = {
			isa = XCBuildConfiguration;
			baseConfigurationReference = 8D43D104B727E9FE8CADDF87 /* Pods-TestingQuick.release.xcconfig */;
			buildSettings = {
				ASSETCATALOG_COMPILER_APPICON_NAME = AppIcon;
				CODE_SIGN_STYLE = Automatic;
				INFOPLIST_FILE = TestingQuick/Info.plist;
				LD_RUNPATH_SEARCH_PATHS = (
					"$(inherited)",
					"@executable_path/Frameworks",
				);
				PRODUCT_BUNDLE_IDENTIFIER = test.TestingQuick;
				PRODUCT_NAME = "$(TARGET_NAME)";
				SWIFT_VERSION = 5.0;
				TARGETED_DEVICE_FAMILY = "1,2";
			};
			name = Release;
		};
		469148A6225DE44F0019F454 /* Debug */ = {
			isa = XCBuildConfiguration;
			baseConfigurationReference = C8EC99625E6CC2CB08689301 /* Pods-TestingQuickTests.debug.xcconfig */;
			buildSettings = {
				ALWAYS_EMBED_SWIFT_STANDARD_LIBRARIES = YES;
				BUNDLE_LOADER = "$(TEST_HOST)";
				CODE_SIGN_STYLE = Automatic;
				INFOPLIST_FILE = TestingQuickTests/Info.plist;
				LD_RUNPATH_SEARCH_PATHS = (
					"$(inherited)",
					"@executable_path/Frameworks",
					"@loader_path/Frameworks",
				);
				PRODUCT_BUNDLE_IDENTIFIER = test.TestingQuickTests;
				PRODUCT_NAME = "$(TARGET_NAME)";
				SWIFT_VERSION = 5.0;
				TARGETED_DEVICE_FAMILY = "1,2";
				TEST_HOST = "$(BUILT_PRODUCTS_DIR)/TestingQuick.app/TestingQuick";
			};
			name = Debug;
		};
		469148A7225DE44F0019F454 /* Release */ = {
			isa = XCBuildConfiguration;
			baseConfigurationReference = B79EBB34C766268DC12C3B3E /* Pods-TestingQuickTests.release.xcconfig */;
			buildSettings = {
				ALWAYS_EMBED_SWIFT_STANDARD_LIBRARIES = YES;
				BUNDLE_LOADER = "$(TEST_HOST)";
				CODE_SIGN_STYLE = Automatic;
				INFOPLIST_FILE = TestingQuickTests/Info.plist;
				LD_RUNPATH_SEARCH_PATHS = (
					"$(inherited)",
					"@executable_path/Frameworks",
					"@loader_path/Frameworks",
				);
				PRODUCT_BUNDLE_IDENTIFIER = test.TestingQuickTests;
				PRODUCT_NAME = "$(TARGET_NAME)";
				SWIFT_VERSION = 5.0;
				TARGETED_DEVICE_FAMILY = "1,2";
				TEST_HOST = "$(BUILT_PRODUCTS_DIR)/TestingQuick.app/TestingQuick";
			};
			name = Release;
		};
		469148A9225DE44F0019F454 /* Debug */ = {
			isa = XCBuildConfiguration;
			baseConfigurationReference = 71A8A44C0EE954941155398E /* Pods-TestingQuickUITests.debug.xcconfig */;
			buildSettings = {
				ALWAYS_EMBED_SWIFT_STANDARD_LIBRARIES = YES;
				CODE_SIGN_STYLE = Automatic;
				INFOPLIST_FILE = TestingQuickUITests/Info.plist;
				LD_RUNPATH_SEARCH_PATHS = (
					"$(inherited)",
					"@executable_path/Frameworks",
					"@loader_path/Frameworks",
				);
				PRODUCT_BUNDLE_IDENTIFIER = test.TestingQuickUITests;
				PRODUCT_NAME = "$(TARGET_NAME)";
				SWIFT_VERSION = 5.0;
				TARGETED_DEVICE_FAMILY = "1,2";
				TEST_TARGET_NAME = TestingQuick;
			};
			name = Debug;
		};
		469148AA225DE44F0019F454 /* Release */ = {
			isa = XCBuildConfiguration;
			baseConfigurationReference = 3E84AC37B471453E9B1C8FB5 /* Pods-TestingQuickUITests.release.xcconfig */;
			buildSettings = {
				ALWAYS_EMBED_SWIFT_STANDARD_LIBRARIES = YES;
				CODE_SIGN_STYLE = Automatic;
				INFOPLIST_FILE = TestingQuickUITests/Info.plist;
				LD_RUNPATH_SEARCH_PATHS = (
					"$(inherited)",
					"@executable_path/Frameworks",
					"@loader_path/Frameworks",
				);
				PRODUCT_BUNDLE_IDENTIFIER = test.TestingQuickUITests;
				PRODUCT_NAME = "$(TARGET_NAME)";
				SWIFT_VERSION = 5.0;
				TARGETED_DEVICE_FAMILY = "1,2";
				TEST_TARGET_NAME = TestingQuick;
			};
			name = Release;
		};
/* End XCBuildConfiguration section */

/* Begin XCConfigurationList section */
		46914875225DE44D0019F454 /* Build configuration list for PBXProject "TestingQuick" */ = {
			isa = XCConfigurationList;
			buildConfigurations = (
				469148A0225DE44F0019F454 /* Debug */,
				469148A1225DE44F0019F454 /* Release */,
			);
			defaultConfigurationIsVisible = 0;
			defaultConfigurationName = Release;
		};
		469148A2225DE44F0019F454 /* Build configuration list for PBXNativeTarget "TestingQuick" */ = {
			isa = XCConfigurationList;
			buildConfigurations = (
				469148A3225DE44F0019F454 /* Debug */,
				469148A4225DE44F0019F454 /* Release */,
			);
			defaultConfigurationIsVisible = 0;
			defaultConfigurationName = Release;
		};
		469148A5225DE44F0019F454 /* Build configuration list for PBXNativeTarget "TestingQuickTests" */ = {
			isa = XCConfigurationList;
			buildConfigurations = (
				469148A6225DE44F0019F454 /* Debug */,
				469148A7225DE44F0019F454 /* Release */,
			);
			defaultConfigurationIsVisible = 0;
			defaultConfigurationName = Release;
		};
		469148A8225DE44F0019F454 /* Build configuration list for PBXNativeTarget "TestingQuickUITests" */ = {
			isa = XCConfigurationList;
			buildConfigurations = (
				469148A9225DE44F0019F454 /* Debug */,
				469148AA225DE44F0019F454 /* Release */,
			);
			defaultConfigurationIsVisible = 0;
			defaultConfigurationName = Release;
		};
/* End XCConfigurationList section */
	};
	rootObject = 46914872225DE44D0019F454 /* Project object */;
}
